
Microsoft Visual Studio Solution File, Format Version 12.00
# Visual Studio Version 16
VisualStudioVersion = 16.0.29905.134
MinimumVisualStudioVersion = 10.0.40219.1
Project("{FAE04EC0-301F-11D3-BF4B-00C04F79EFBC}") = "NextLevelTrainingApi", "NextLevelTrainingApi\NextLevelTrainingApi.csproj", "{5771FE53-0FD4-4603-AD0D-EDF138666E2E}"
EndProject
Global
	GlobalSection(SolutionConfigurationPlatforms) = preSolution
		Debug|Any CPU = Debug|Any CPU
		Release|Any CPU = Release|Any CPU
	EndGlobalSection
	GlobalSection(ProjectConfigurationPlatforms) = postSolution
		{5771FE53-0FD4-4603-AD0D-EDF138666E2E}.Debug|Any CPU.ActiveCfg = Debug|Any CPU
		{5771FE53-0FD4-4603-AD0D-EDF138666E2E}.Debug|Any CPU.Build.0 = Debug|Any CPU
		{5771FE53-0FD4-4603-AD0D-EDF138666E2E}.Release|Any CPU.ActiveCfg = Release|Any CPU
		{5771FE53-0FD4-4603-AD0D-EDF138666E2E}.Release|Any CPU.Build.0 = Release|Any CPU
	EndGlobalSection
	GlobalSection(SolutionProperties) = preSolution
		HideSolutionNode = FALSE
	EndGlobalSection
	GlobalSection(ExtensibilityGlobals) = postSolution
		SolutionGuid = {64E0FED5-5617-4366-99D8-CF93074ED7E0}
	EndGlobalSection
EndGlobal
